
Microsoft Visual Studio Solution File, Format Version 12.00
# Visual Studio Version 17
VisualStudioVersion = 17.4.33122.133
MinimumVisualStudioVersion = 10.0.40219.1
Project("{9A19103F-16F7-4668-BE54-9A1E7A4F7556}") = "GorillaTierList", "GorillaTierList\GorillaTierList.csproj", "{BB40CBA6-9051-4EC3-9197-5D666409E5DD}"
EndProject
Global
	GlobalSection(SolutionConfigurationPlatforms) = preSolution
		Debug|Any CPU = Debug|Any CPU
		Release|Any CPU = Release|Any CPU
	EndGlobalSection
	GlobalSection(ProjectConfigurationPlatforms) = postSolution
		{BB40CBA6-9051-4EC3-9197-5D666409E5DD}.Debug|Any CPU.ActiveCfg = Debug|Any CPU
		{BB40CBA6-9051-4EC3-9197-5D666409E5DD}.Debug|Any CPU.Build.0 = Debug|Any CPU
		{BB40CBA6-9051-4EC3-9197-5D666409E5DD}.Release|Any CPU.ActiveCfg = Release|Any CPU
		{BB40CBA6-9051-4EC3-9197-5D666409E5DD}.Release|Any CPU.Build.0 = Release|Any CPU
	EndGlobalSection
	GlobalSection(SolutionProperties) = preSolution
		HideSolutionNode = FALSE
	EndGlobalSection
	GlobalSection(ExtensibilityGlobals) = postSolution
		SolutionGuid = {7E545619-2846-42A2-B2BA-8C25644B446D}
	EndGlobalSection
EndGlobal
